
Microsoft Visual Studio Solution File, Format Version 12.00
# Visual Studio Version 17
VisualStudioVersion = 17.4.33205.214
MinimumVisualStudioVersion = 10.0.40219.1
Project("{FAE04EC0-301F-11D3-BF4B-00C04F79EFBC}") = "KPMG.DoIt.Functions", "KPMG.DoIt.Functions\KPMG.DoIt.Functions.csproj", "{2D67E74C-3010-4B74-AE9F-BFF0F3ABCB49}"
EndProject
Project("{FAE04EC0-301F-11D3-BF4B-00C04F79EFBC}") = "KPMG.DoIt.Application", "KPMG.DoIt.Application\KPMG.DoIt.Application.csproj", "{7664E893-B4F6-421A-9109-4FBE03B21AC2}"
EndProject
Global
	GlobalSection(SolutionConfigurationPlatforms) = preSolution
		Debug|Any CPU = Debug|Any CPU
		Release|Any CPU = Release|Any CPU
	EndGlobalSection
	GlobalSection(ProjectConfigurationPlatforms) = postSolution
		{2D67E74C-3010-4B74-AE9F-BFF0F3ABCB49}.Debug|Any CPU.ActiveCfg = Debug|Any CPU
		{2D67E74C-3010-4B74-AE9F-BFF0F3ABCB49}.Debug|Any CPU.Build.0 = Debug|Any CPU
		{2D67E74C-3010-4B74-AE9F-BFF0F3ABCB49}.Release|Any CPU.ActiveCfg = Release|Any CPU
		{2D67E74C-3010-4B74-AE9F-BFF0F3ABCB49}.Release|Any CPU.Build.0 = Release|Any CPU
		{7664E893-B4F6-421A-9109-4FBE03B21AC2}.Debug|Any CPU.ActiveCfg = Debug|Any CPU
		{7664E893-B4F6-421A-9109-4FBE03B21AC2}.Debug|Any CPU.Build.0 = Debug|Any CPU
		{7664E893-B4F6-421A-9109-4FBE03B21AC2}.Release|Any CPU.ActiveCfg = Release|Any CPU
		{7664E893-B4F6-421A-9109-4FBE03B21AC2}.Release|Any CPU.Build.0 = Release|Any CPU
	EndGlobalSection
	GlobalSection(SolutionProperties) = preSolution
		HideSolutionNode = FALSE
	EndGlobalSection
	GlobalSection(ExtensibilityGlobals) = postSolution
		SolutionGuid = {68CB4A79-22A9-4B75-BA9C-FCC19E9EEDA6}
	EndGlobalSection
EndGlobal
